github.com/tencentcloud/tencentcloud-sdk-go/tencentcloud/common v1.3.10/go.mod h1:r5r4xbfxSaeR04b166HGsBa/R4U3SueirEUpXGuw+Q0=
github.com/tencentcloud/tencentcloud-sdk-go/tencentcloud/common v1.3.97/go.mod h1:r5r4xbfxSaeR04b166HGsBa/R4U3SueirEUpXGuw+Q0=
github.com/tencentcloud/tencentcloud-sdk-go/tencentcloud/common v1.3.98/go.mod h1:r5r4xbfxSaeR04b166HGsBa/R4U3SueirEUpXGuw+Q0=
github.com/tencentcloud/tencentcloud-sdk-go/tencentcloud/common v1.3.102 h1:3n7BpLOPnE9Rv3Y9Jxgl/XaQX3GzktO+dEaAbtVbjSk=
github.com/tencentcloud/tencentcloud-sdk-go/tencentcloud/common v1.3.102/go.mod h1:r5r4xbfxSaeR04b166HGsBa/R4U3SueirEUpXGuw+Q0=
github.com/tencentcloud/tencentcloud-sdk-go/tencentcloud/ims v1.3.97 h1:Kez106YILAu7bDXjHWPmh0otYx4hpZq4poKNRuPBTwM=
github.com/tencentcloud/tencentcloud-sdk-go/tencentcloud/ims v1.3.97/go.mod h1:CAjHGVSUN0Ru5QJIBFR+JGi2VN6h0IxyqejqrLaEvfs=
github.com/tencentcloud/tencentcloud-sdk-go/tencentcloud/ocr v1.3.98 h1:kin0IcVZFDPPmMO1Vk4wYRDeS1orupJjmq/e1v+QAqM=
github.com/tencentcloud/tencentcloud-sdk-go/tencentcloud/ocr v1.3.98/go.mod h1:Zcy3Lg1xYnGC4xQ8QEq77XTkUJD6MKzdxz0R4LT9jF0=
github.com/tencentcloud/tencentcloud-sdk-go/tencentcloud/tms v1.3.10 h1:j0DDmALHehocm01ywNAQ+28gCGdDw5N1eJ7ApbrwsHw=
github.com/tencentcloud/tencentcloud-sdk-go/tencentcloud/tms v1.3.10/go.mod h1:eXjZFblDtYLDO/4oDpeSig4u/8vUeUd8MH15hVfX0Us=
